
Microsoft Visual Studio Solution File, Format Version 11.00
# Visual Studio 2010
Project("{FAE04EC0-301F-11D3-BF4B-00C04F79EFBC}") = "Assembly-CSharp", "Assembly-CSharp.csproj", "{FD4E1990-86C7-5AAE-7D23-F24E2395DF66}"
EndProject
Project("{FAE04EC0-301F-11D3-BF4B-00C04F79EFBC}") = "Assembly-CSharp-Editor", "Assembly-CSharp-Editor.csproj", "{1C42C7B1-18F9-D512-116C-354B377BC9E3}"
EndProject
Global
	GlobalSection(SolutionConfigurationPlatforms) = preSolution
		Debug|Any CPU = Debug|Any CPU
		Release|Any CPU = Release|Any CPU
	EndGlobalSection
	GlobalSection(ProjectConfigurationPlatforms) = postSolution
		{FD4E1990-86C7-5AAE-7D23-F24E2395DF66}.Debug|Any CPU.ActiveCfg = Debug|Any CPU
		{FD4E1990-86C7-5AAE-7D23-F24E2395DF66}.Debug|Any CPU.Build.0 = Debug|Any CPU
		{FD4E1990-86C7-5AAE-7D23-F24E2395DF66}.Release|Any CPU.ActiveCfg = Release|Any CPU
		{FD4E1990-86C7-5AAE-7D23-F24E2395DF66}.Release|Any CPU.Build.0 = Release|Any CPU
		{1C42C7B1-18F9-D512-116C-354B377BC9E3}.Debug|Any CPU.ActiveCfg = Debug|Any CPU
		{1C42C7B1-18F9-D512-116C-354B377BC9E3}.Debug|Any CPU.Build.0 = Debug|Any CPU
		{1C42C7B1-18F9-D512-116C-354B377BC9E3}.Release|Any CPU.ActiveCfg = Release|Any CPU
		{1C42C7B1-18F9-D512-116C-354B377BC9E3}.Release|Any CPU.Build.0 = Release|Any CPU
	EndGlobalSection
	GlobalSection(SolutionProperties) = preSolution
		HideSolutionNode = FALSE
	EndGlobalSection
EndGlobal
